// !$*UTF8*$!
{
	archiveVersion = 1;
	classes = {
	};
	objectVersion = 50;
	objects = {

/* Begin PBXBuildFile section */
		36C56C9122BB814100E2D88F /* AppDelegate.swift in Sources */ = {isa = PBXBuildFile; fileRef = 36C56C9022BB814100E2D88F /* AppDelegate.swift */; };
		36C56C9322BB814100E2D88F /* ViewController.swift in Sources */ = {isa = PBXBuildFile; fileRef = 36C56C9222BB814100E2D88F /* ViewController.swift */; };
		36C56C9622BB814100E2D88F /* Main.storyboard in Resources */ = {isa = PBXBuildFile; fileRef = 36C56C9422BB814100E2D88F /* Main.storyboard */; };
		36C56C9822BB814500E2D88F /* Assets.xcassets in Resources */ = {isa = PBXBuildFile; fileRef = 36C56C9722BB814500E2D88F /* Assets.xcassets */; };
		36C56C9B22BB814500E2D88F /* LaunchScreen.storyboard in Resources */ = {isa = PBXBuildFile; fileRef = 36C56C9922BB814500E2D88F /* LaunchScreen.storyboard */; };
		36C56CA622BB814500E2D88F /* DiceGameTests.swift in Sources */ = {isa = PBXBuildFile; fileRef = 36C56CA522BB814500E2D88F /* DiceGameTests.swift */; };
		36C56CB122BB814500E2D88F /* DiceGameUITests.swift in Sources */ = {isa = PBXBuildFile; fileRef = 36C56CB022BB814500E2D88F /* DiceGameUITests.swift */; };
/* End PBXBuildFile section */

/* Begin PBXContainerItemProxy section */
		36C56CA222BB814500E2D88F /* PBXContainerItemProxy */ = {
			isa = PBXContainerItemProxy;
			containerPortal = 36C56C8522BB814100E2D88F /* Project object */;
			proxyType = 1;
			remoteGlobalIDString = 36C56C8C22BB814100E2D88F;
			remoteInfo = DiceGame;
		};
		36C56CAD22BB814500E2D88F /* PBXContainerItemProxy */ = {
			isa = PBXContainerItemProxy;
			containerPortal = 36C56C8522BB814100E2D88F /* Project object */;
			proxyType = 1;
			remoteGlobalIDString = 36C56C8C22BB814100E2D88F;
			remoteInfo = DiceGame;
		};
/* End PBXContainerItemProxy section */

/* Begin PBXFileReference section */
		36C56C8D22BB814100E2D88F /* DiceGame.app */ = {isa = PBXFileReference; explicitFileType = wrapper.application; includeInIndex = 0; path = DiceGame.app; sourceTree = BUILT_PRODUCTS_DIR; };
		36C56C9022BB814100E2D88F /* AppDelegate.swift */ = {isa = PBXFileReference; lastKnownFileType = sourcecode.swift; path = AppDelegate.swift; sourceTree = "<group>"; };
		36C56C9222BB814100E2D88F /* ViewController.swift */ = {isa = PBXFileReference; lastKnownFileType = sourcecode.swift; path = ViewController.swift; sourceTree = "<group>"; };
		36C56C9522BB814100E2D88F /* Base */ = {isa = PBXFileReference; lastKnownFileType = file.storyboard; name = Base; path = Base.lproj/Main.storyboard; sourceTree = "<group>"; };
		36C56C9722BB814500E2D88F /* Assets.xcassets */ = {isa = PBXFileReference; lastKnownFileType = folder.assetcatalog; path = Assets.xcassets; sourceTree = "<group>"; };
		36C56C9A22BB814500E2D88F /* Base */ = {isa = PBXFileReference; lastKnownFileType = file.storyboard; name = Base; path = Base.lproj/LaunchScreen.storyboard; sourceTree = "<group>"; };
		36C56C9C22BB814500E2D88F /* Info.plist */ = {isa = PBXFileReference; lastKnownFileType = text.plist.xml; path = Info.plist; sourceTree = "<group>"; };
		36C56CA122BB814500E2D88F /* DiceGameTests.xctest */ = {isa = PBXFileReference; explicitFileType = wrapper.cfbundle; includeInIndex = 0; path = DiceGameTests.xctest; sourceTree = BUILT_PRODUCTS_DIR; };
		36C56CA522BB814500E2D88F /* DiceGameTests.swift */ = {isa = PBXFileReference; lastKnownFileType = sourcecode.swift; path = DiceGameTests.swift; sourceTree = "<group>"; };
		36C56CA722BB814500E2D88F /* Info.plist */ = {isa = PBXFileReference; lastKnownFileType = text.plist.xml; path = Info.plist; sourceTree = "<group>"; };
		36C56CAC22BB814500E2D88F /* DiceGameUITests.xctest */ = {isa = PBXFileReference; explicitFileType = wrapper.cfbundle; includeInIndex = 0; path = DiceGameUITests.xctest; sourceTree = BUILT_PRODUCTS_DIR; };
		36C56CB022BB814500E2D88F /* DiceGameUITests.swift */ = {isa = PBXFileReference; lastKnownFileType = sourcecode.swift; path = DiceGameUITests.swift; sourceTree = "<group>"; };
		36C56CB222BB814500E2D88F /* Info.plist */ = {isa = PBXFileReference; lastKnownFileType = text.plist.xml; path = Info.plist; sourceTree = "<group>"; };
/* End PBXFileReference section */

/* Begin PBXFrameworksBuildPhase section */
		36C56C8A22BB814100E2D88F /* Frameworks */ = {
			isa = PBXFrameworksBuildPhase;
			buildActionMask = 2147483647;
			files = (
			);
			runOnlyForDeploymentPostprocessing = 0;
		};
		36C56C9E22BB814500E2D88F /* Frameworks */ = {
			isa = PBXFrameworksBuildPhase;
			buildActionMask = 2147483647;
			files = (
			);
			runOnlyForDeploymentPostprocessing = 0;
		};
		36C56CA922BB814500E2D88F /* Frameworks */ = {
			isa = PBXFrameworksBuildPhase;
			buildActionMask = 2147483647;
			files = (
			);
			runOnlyForDeploymentPostprocessing = 0;
		};
/* End PBXFrameworksBuildPhase section */

/* Begin PBXGroup section */
		36C56C8422BB814100E2D88F = {
			isa = PBXGroup;
			children = (
				36C56C8F22BB814100E2D88F /* DiceGame */,
				36C56CA422BB814500E2D88F /* DiceGameTests */,
				36C56CAF22BB814500E2D88F /* DiceGameUITests */,
				36C56C8E22BB814100E2D88F /* Products */,
			);
			sourceTree = "<group>";
		};
		36C56C8E22BB814100E2D88F /* Products */ = {
			isa = PBXGroup;
			children = (
				36C56C8D22BB814100E2D88F /* DiceGame.app */,
				36C56CA122BB814500E2D88F /* DiceGameTests.xctest */,
				36C56CAC22BB814500E2D88F /* DiceGameUITests.xctest */,
			);
			name = Products;
			sourceTree = "<group>";
		};
		36C56C8F22BB814100E2D88F /* DiceGame */ = {
			isa = PBXGroup;
			children = (
				36C56C9022BB814100E2D88F /* AppDelegate.swift */,
				36C56C9222BB814100E2D88F /* ViewController.swift */,
				36C56C9422BB814100E2D88F /* Main.storyboard */,
				36C56C9722BB814500E2D88F /* Assets.xcassets */,
				36C56C9922BB814500E2D88F /* LaunchScreen.storyboard */,
				36C56C9C22BB814500E2D88F /* Info.plist */,
			);
			path = DiceGame;
			sourceTree = "<group>";
		};
		36C56CA422BB814500E2D88F /* DiceGameTests */ = {
			isa = PBXGroup;
			children = (
				36C56CA522BB814500E2D88F /* DiceGameTests.swift */,
				36C56CA722BB814500E2D88F /* Info.plist */,
			);
			path = DiceGameTests;
			sourceTree = "<group>";
		};
		36C56CAF22BB814500E2D88F /* DiceGameUITests */ = {
			isa = PBXGroup;
			children = (
				36C56CB022BB814500E2D88F /* DiceGameUITests.swift */,
				36C56CB222BB814500E2D88F /* Info.plist */,
			);
			path = DiceGameUITests;
			sourceTree = "<group>";
		};
/* End PBXGroup section */

/* Begin PBXNativeTarget section */
		36C56C8C22BB814100E2D88F /* DiceGame */ = {
			isa = PBXNativeTarget;
			buildConfigurationList = 36C56CB522BB814500E2D88F /* Build configuration list for PBXNativeTarget "DiceGame" */;
			buildPhases = (
				36C56C8922BB814100E2D88F /* Sources */,
				36C56C8A22BB814100E2D88F /* Frameworks */,
				36C56C8B22BB814100E2D88F /* Resources */,
			);
			buildRules = (
			);
			dependencies = (
			);
			name = DiceGame;
			productName = DiceGame;
			productReference = 36C56C8D22BB814100E2D88F /* DiceGame.app */;
			productType = "com.apple.product-type.application";
		};
		36C56CA022BB814500E2D88F /* DiceGameTests */ = {
			isa = PBXNativeTarget;
			buildConfigurationList = 36C56CB822BB814500E2D88F /* Build configuration list for PBXNativeTarget "DiceGameTests" */;
			buildPhases = (
				36C56C9D22BB814500E2D88F /* Sources */,
				36C56C9E22BB814500E2D88F /* Frameworks */,
				36C56C9F22BB814500E2D88F /* Resources */,
			);
			buildRules = (
			);
			dependencies = (
				36C56CA322BB814500E2D88F /* PBXTargetDependency */,
			);
			name = DiceGameTests;
			productName = DiceGameTests;
			productReference = 36C56CA122BB814500E2D88F /* DiceGameTests.xctest */;
			productType = "com.apple.product-type.bundle.unit-test";
		};
		36C56CAB22BB814500E2D88F /* DiceGameUITests */ = {
			isa = PBXNativeTarget;
			buildConfigurationList = 36C56CBB22BB814500E2D88F /* Build configuration list for PBXNativeTarget "DiceGameUITests" */;
			buildPhases = (
				36C56CA822BB814500E2D88F /* Sources */,
				36C56CA922BB814500E2D88F /* Frameworks */,
				36C56CAA22BB814500E2D88F /* Resources */,
			);
			buildRules = (
			);
			dependencies = (
				36C56CAE22BB814500E2D88F /* PBXTargetDependency */,
			);
			name = DiceGameUITests;
			productName = DiceGameUITests;
			productReference = 36C56CAC22BB814500E2D88F /* DiceGameUITests.xctest */;
			productType = "com.apple.product-type.bundle.ui-testing";
		};
/* End PBXNativeTarget section */

/* Begin PBXProject section */
		36C56C8522BB814100E2D88F /* Project object */ = {
			isa = PBXProject;
			attributes = {
				LastSwiftUpdateCheck = 1010;
				LastUpgradeCheck = 1010;
				ORGANIZATIONNAME = "Code Nation";
				TargetAttributes = {
					36C56C8C22BB814100E2D88F = {
						CreatedOnToolsVersion = 10.1;
					};
					36C56CA022BB814500E2D88F = {
						CreatedOnToolsVersion = 10.1;
						TestTargetID = 36C56C8C22BB814100E2D88F;
					};
					36C56CAB22BB814500E2D88F = {
						CreatedOnToolsVersion = 10.1;
						TestTargetID = 36C56C8C22BB814100E2D88F;
					};
				};
			};
			buildConfigurationList = 36C56C8822BB814100E2D88F /* Build configuration list for PBXProject "DiceGame" */;
			compatibilityVersion = "Xcode 9.3";
			developmentRegion = en;
			hasScannedForEncodings = 0;
			knownRegions = (
				en,
				Base,
			);
			mainGroup = 36C56C8422BB814100E2D88F;
			productRefGroup = 36C56C8E22BB814100E2D88F /* Products */;
			projectDirPath = "";
			projectRoot = "";
			targets = (
				36C56C8C22BB814100E2D88F /* DiceGame */,
				36C56CA022BB814500E2D88F /* DiceGameTests */,
				36C56CAB22BB814500E2D88F /* DiceGameUITests */,
			);
		};
/* End PBXProject section */

/* Begin PBXResourcesBuildPhase section */
		36C56C8B22BB814100E2D88F /* Resources */ = {
			isa = PBXResourcesBuildPhase;
			buildActionMask = 2147483647;
			files = (
				36C56C9B22BB814500E2D88F /* LaunchScreen.storyboard in Resources */,
				36C56C9822BB814500E2D88F /* Assets.xcassets in Resources */,
				36C56C9622BB814100E2D88F /* Main.storyboard in Resources */,
			);
			runOnlyForDeploymentPostprocessing = 0;
		};
		36C56C9F22BB814500E2D88F /* Resources */ = {
			isa = PBXResourcesBuildPhase;
			buildActionMask = 2147483647;
			files = (
			);
			runOnlyForDeploymentPostprocessing = 0;
		};
		36C56CAA22BB814500E2D88F /* Resources */ = {
			isa = PBXResourcesBuildPhase;
			buildActionMask = 2147483647;
			files = (
			);
			runOnlyForDeploymentPostprocessing = 0;
		};
/* End PBXResourcesBuildPhase section */

/* Begin PBXSourcesBuildPhase section */
		36C56C8922BB814100E2D88F /* Sources */ = {
			isa = PBXSourcesBuildPhase;
			buildActionMask = 2147483647;
			files = (
				36C56C9322BB814100E2D88F /* ViewController.swift in Sources */,
				36C56C9122BB814100E2D88F /* AppDelegate.swift in Sources */,
			);
			runOnlyForDeploymentPostprocessing = 0;
		};
		36C56C9D22BB814500E2D88F /* Sources */ = {
			isa = PBXSourcesBuildPhase;
			buildActionMask = 2147483647;
			files = (
				36C56CA622BB814500E2D88F /* DiceGameTests.swift in Sources */,
			);
			runOnlyForDeploymentPostprocessing = 0;
		};
		36C56CA822BB814500E2D88F /* Sources */ = {
			isa = PBXSourcesBuildPhase;
			buildActionMask = 2147483647;
			files = (
				36C56CB122BB814500E2D88F /* DiceGameUITests.swift in Sources */,
			);
			runOnlyForDeploymentPostprocessing = 0;
		};
/* End PBXSourcesBuildPhase section */

/* Begin PBXTargetDependency section */
		36C56CA322BB814500E2D88F /* PBXTargetDependency */ = {
			isa = PBXTargetDependency;
			target = 36C56C8C22BB814100E2D88F /* DiceGame */;
			targetProxy = 36C56CA222BB814500E2D88F /* PBXContainerItemProxy */;
		};
		36C56CAE22BB814500E2D88F /* PBXTargetDependency */ = {
			isa = PBXTargetDependency;
			target = 36C56C8C22BB814100E2D88F /* DiceGame */;
			targetProxy = 36C56CAD22BB814500E2D88F /* PBXContainerItemProxy */;
		};
/* End PBXTargetDependency section */

/* Begin PBXVariantGroup section */
		36C56C9422BB814100E2D88F /* Main.storyboard */ = {
			isa = PBXVariantGroup;
			children = (
				36C56C9522BB814100E2D88F /* Base */,
			);
			name = Main.storyboard;
			sourceTree = "<group>";
		};
		36C56C9922BB814500E2D88F /* LaunchScreen.storyboard */ = {
			isa = PBXVariantGroup;
			children = (
				36C56C9A22BB814500E2D88F /* Base */,
			);
			name = LaunchScreen.storyboard;
			sourceTree = "<group>";
		};
/* End PBXVariantGroup section */

/* Begin XCBuildConfiguration section */
		36C56CB322BB814500E2D88F /* Debug */ = {
			isa = XCBuildConfiguration;
			buildSettings = {
				ALWAYS_SEARCH_USER_PATHS = NO;
				CLANG_ANALYZER_NONNULL = YES;
				CLANG_ANALYZER_NUMBER_OBJECT_CONVERSION = YES_AGGRESSIVE;
				CLANG_CXX_LANGUAGE_STANDARD = "gnu++14";
				CLANG_CXX_LIBRARY = "libc++";
				CLANG_ENABLE_MODULES = YES;
				CLANG_ENABLE_OBJC_ARC = YES;
				CLANG_ENABLE_OBJC_WEAK = YES;
				CLANG_WARN_BLOCK_CAPTURE_AUTORELEASING = YES;
				CLANG_WARN_BOOL_CONVERSION = YES;
				CLANG_WARN_COMMA = YES;
				CLANG_WARN_CONSTANT_CONVERSION = YES;
				CLANG_WARN_DEPRECATED_OBJC_IMPLEMENTATIONS = YES;
				CLANG_WARN_DIRECT_OBJC_ISA_USAGE = YES_ERROR;
				CLANG_WARN_DOCUMENTATION_COMMENTS = YES;
				CLANG_WARN_EMPTY_BODY = YES;
				CLANG_WARN_ENUM_CONVERSION = YES;
				CLANG_WARN_INFINITE_RECURSION = YES;
				CLANG_WARN_INT_CONVERSION = YES;
				CLANG_WARN_NON_LITERAL_NULL_CONVERSION = YES;
				CLANG_WARN_OBJC_IMPLICIT_RETAIN_SELF = YES;
				CLANG_WARN_OBJC_LITERAL_CONVERSION = YES;
				CLANG_WARN_OBJC_ROOT_CLASS = YES_ERROR;
				CLANG_WARN_RANGE_LOOP_ANALYSIS = YES;
				CLANG_WARN_STRICT_PROTOTYPES = YES;
				CLANG_WARN_SUSPICIOUS_MOVE = YES;
				CLANG_WARN_UNGUARDED_AVAILABILITY = YES_AGGRESSIVE;
				CLANG_WARN_UNREACHABLE_CODE = YES;
				CLANG_WARN__DUPLICATE_METHOD_MATCH = YES;
				CODE_SIGN_IDENTITY = "iPhone Developer";
				COPY_PHASE_STRIP = NO;
				DEBUG_INFORMATION_FORMAT = dwarf;
				ENABLE_STRICT_OBJC_MSGSEND = YES;
				ENABLE_TESTABILITY = YES;
				GCC_C_LANGUAGE_STANDARD = gnu11;
				GCC_DYNAMIC_NO_PIC = NO;
				GCC_NO_COMMON_BLOCKS = YES;
				GCC_OPTIMIZATION_LEVEL = 0;
				GCC_PREPROCESSOR_DEFINITIONS = (
					"DEBUG=1",
					"$(inherited)",
				);
				GCC_WARN_64_TO_32_BIT_CONVERSION = YES;
				GCC_WARN_ABOUT_RETURN_TYPE = YES_ERROR;
				GCC_WARN_UNDECLARED_SELECTOR = YES;
				GCC_WARN_UNINITIALIZED_AUTOS = YES_AGGRESSIVE;
				GCC_WARN_UNUSED_FUNCTION = YES;
				GCC_WARN_UNUSED_VARIABLE = YES;
				IPHONEOS_DEPLOYMENT_TARGET = 12.1;
				MTL_ENABLE_DEBUG_INFO = INCLUDE_SOURCE;
				MTL_FAST_MATH = YES;
				ONLY_ACTIVE_ARCH = YES;
				SDKROOT = iphoneos;
				SWIFT_ACTIVE_COMPILATION_CONDITIONS = DEBUG;
				SWIFT_OPTIMIZATION_LEVEL = "-Onone";
			};
			name = Debug;
		};
		36C56CB422BB814500E2D88F /* Release */ = {
			isa = XCBuildConfiguration;
			buildSettings = {
				ALWAYS_SEARCH_USER_PATHS = NO;
				CLANG_ANALYZER_NONNULL = YES;
				CLANG_ANALYZER_NUMBER_OBJECT_CONVERSION = YES_AGGRESSIVE;
				CLANG_CXX_LANGUAGE_STANDARD = "gnu++14";
				CLANG_CXX_LIBRARY = "libc++";
				CLANG_ENABLE_MODULES = YES;
				CLANG_ENABLE_OBJC_ARC = YES;
				CLANG_ENABLE_OBJC_WEAK = YES;
				CLANG_WARN_BLOCK_CAPTURE_AUTORELEASING = YES;
				CLANG_WARN_BOOL_CONVERSION = YES;
				CLANG_WARN_COMMA = YES;
				CLANG_WARN_CONSTANT_CONVERSION = YES;
				CLANG_WARN_DEPRECATED_OBJC_IMPLEMENTATIONS = YES;
				CLANG_WARN_DIRECT_OBJC_ISA_USAGE = YES_ERROR;
				CLANG_WARN_DOCUMENTATION_COMMENTS = YES;
				CLANG_WARN_EMPTY_BODY = YES;
				CLANG_WARN_ENUM_CONVERSION = YES;
				CLANG_WARN_INFINITE_RECURSION = YES;
				CLANG_WARN_INT_CONVERSION = YES;
				CLANG_WARN_NON_LITERAL_NULL_CONVERSION = YES;
				CLANG_WARN_OBJC_IMPLICIT_RETAIN_SELF = YES;
				CLANG_WARN_OBJC_LITERAL_CONVERSION = YES;
				CLANG_WARN_OBJC_ROOT_CLASS = YES_ERROR;
				CLANG_WARN_RANGE_LOOP_ANALYSIS = YES;
				CLANG_WARN_STRICT_PROTOTYPES = YES;
				CLANG_WARN_SUSPICIOUS_MOVE = YES;
				CLANG_WARN_UNGUARDED_AVAILABILITY = YES_AGGRESSIVE;
				CLANG_WARN_UNREACHABLE_CODE = YES;
				CLANG_WARN__DUPLICATE_METHOD_MATCH = YES;
				CODE_SIGN_IDENTITY = "iPhone Developer";
				COPY_PHASE_STRIP = NO;
				DEBUG_INFORMATION_FORMAT = "dwarf-with-dsym";
				ENABLE_NS_ASSERTIONS = NO;
				ENABLE_STRICT_OBJC_MSGSEND = YES;
				GCC_C_LANGUAGE_STANDARD = gnu11;
				GCC_NO_COMMON_BLOCKS = YES;
				GCC_WARN_64_TO_32_BIT_CONVERSION = YES;
				GCC_WARN_ABOUT_RETURN_TYPE = YES_ERROR;
				GCC_WARN_UNDECLARED_SELECTOR = YES;
				GCC_WARN_UNINITIALIZED_AUTOS = YES_AGGRESSIVE;
				GCC_WARN_UNUSED_FUNCTION = YES;
				GCC_WARN_UNUSED_VARIABLE = YES;
				IPHONEOS_DEPLOYMENT_TARGET = 12.1;
				MTL_ENABLE_DEBUG_INFO = NO;
				MTL_FAST_MATH = YES;
				SDKROOT = iphoneos;
				SWIFT_COMPILATION_MODE = wholemodule;
				SWIFT_OPTIMIZATION_LEVEL = "-O";
				VALIDATE_PRODUCT = YES;
			};
			name = Release;
		};
		36C56CB622BB814500E2D88F /* Debug */ = {
			isa = XCBuildConfiguration;
			buildSettings = {
				ASSETCATALOG_COMPILER_APPICON_NAME = AppIcon;
				CODE_SIGN_STYLE = Automatic;
				INFOPLIST_FILE = DiceGame/Info.plist;
				LD_RUNPATH_SEARCH_PATHS = (
					"$(inherited)",
					"@executable_path/Frameworks",
				);
				PRODUCT_BUNDLE_IDENTIFIER = CN.DiceGame;
				PRODUCT_NAME = "$(TARGET_NAME)";
				SWIFT_VERSION = 4.2;
				TARGETED_DEVICE_FAMILY = "1,2";
			};
			name = Debug;
		};
		36C56CB722BB814500E2D88F /* Release */ = {
			isa = XCBuildConfiguration;
			buildSettings = {
				ASSETCATALOG_COMPILER_APPICON_NAME = AppIcon;
				CODE_SIGN_STYLE = Automatic;
				INFOPLIST_FILE = DiceGame/Info.plist;
				LD_RUNPATH_SEARCH_PATHS = (
					"$(inherited)",
					"@executable_path/Frameworks",
				);
				PRODUCT_BUNDLE_IDENTIFIER = CN.DiceGame;
				PRODUCT_NAME = "$(TARGET_NAME)";
				SWIFT_VERSION = 4.2;
				TARGETED_DEVICE_FAMILY = "1,2";
			};
			name = Release;
		};
		36C56CB922BB814500E2D88F /* Debug */ = {
			isa = XCBuildConfiguration;
			buildSettings = {
				ALWAYS_EMBED_SWIFT_STANDARD_LIBRARIES = YES;
				BUNDLE_LOADER = "$(TEST_HOST)";
				CODE_SIGN_STYLE = Automatic;
				INFOPLIST_FILE = DiceGameTests/Info.plist;
				LD_RUNPATH_SEARCH_PATHS = (
					"$(inherited)",
					"@executable_path/Frameworks",
					"@loader_path/Frameworks",
				);
				PRODUCT_BUNDLE_IDENTIFIER = CN.DiceGameTests;
				PRODUCT_NAME = "$(TARGET_NAME)";
				SWIFT_VERSION = 4.2;
				TARGETED_DEVICE_FAMILY = "1,2";
				TEST_HOST = "$(BUILT_PRODUCTS_DIR)/DiceGame.app/DiceGame";
			};
			name = Debug;
		};
		36C56CBA22BB814500E2D88F /* Release */ = {
			isa = XCBuildConfiguration;
			buildSettings = {
				ALWAYS_EMBED_SWIFT_STANDARD_LIBRARIES = YES;
				BUNDLE_LOADER = "$(TEST_HOST)";
				CODE_SIGN_STYLE = Automatic;
				INFOPLIST_FILE = DiceGameTests/Info.plist;
				LD_RUNPATH_SEARCH_PATHS = (
					"$(inherited)",
					"@executable_path/Frameworks",
					"@loader_path/Frameworks",
				);
				PRODUCT_BUNDLE_IDENTIFIER = CN.DiceGameTests;
				PRODUCT_NAME = "$(TARGET_NAME)";
				SWIFT_VERSION = 4.2;
				TARGETED_DEVICE_FAMILY = "1,2";
				TEST_HOST = "$(BUILT_PRODUCTS_DIR)/DiceGame.app/DiceGame";
			};
			name = Release;
		};
		36C56CBC22BB814500E2D88F /* Debug */ = {
			isa = XCBuildConfiguration;
			buildSettings = {
				ALWAYS_EMBED_SWIFT_STANDARD_LIBRARIES = YES;
				CODE_SIGN_STYLE = Automatic;
				INFOPLIST_FILE = DiceGameUITests/Info.plist;
				LD_RUNPATH_SEARCH_PATHS = (
					"$(inherited)",
					"@executable_path/Frameworks",
					"@loader_path/Frameworks",
				);
				PRODUCT_BUNDLE_IDENTIFIER = CN.DiceGameUITests;
				PRODUCT_NAME = "$(TARGET_NAME)";
				SWIFT_VERSION = 4.2;
				TARGETED_DEVICE_FAMILY = "1,2";
				TEST_TARGET_NAME = DiceGame;
			};
			name = Debug;
		};
		36C56CBD22BB814500E2D88F /* Release */ = {
			isa = XCBuildConfiguration;
			buildSettings = {
				ALWAYS_EMBED_SWIFT_STANDARD_LIBRARIES = YES;
				CODE_SIGN_STYLE = Automatic;
				INFOPLIST_FILE = DiceGameUITests/Info.plist;
				LD_RUNPATH_SEARCH_PATHS = (
					"$(inherited)",
					"@executable_path/Frameworks",
					"@loader_path/Frameworks",
				);
				PRODUCT_BUNDLE_IDENTIFIER = CN.DiceGameUITests;
				PRODUCT_NAME = "$(TARGET_NAME)";
				SWIFT_VERSION = 4.2;
				TARGETED_DEVICE_FAMILY = "1,2";
				TEST_TARGET_NAME = DiceGame;
			};
			name = Release;
		};
/* End XCBuildConfiguration section */

/* Begin XCConfigurationList section */
		36C56C8822BB814100E2D88F /* Build configuration list for PBXProject "DiceGame" */ = {
			isa = XCConfigurationList;
			buildConfigurations = (
				36C56CB322BB814500E2D88F /* Debug */,
				36C56CB422BB814500E2D88F /* Release */,
			);
			defaultConfigurationIsVisible = 0;
			defaultConfigurationName = Release;
		};
		36C56CB522BB814500E2D88F /* Build configuration list for PBXNativeTarget "DiceGame" */ = {
			isa = XCConfigurationList;
			buildConfigurations = (
				36C56CB622BB814500E2D88F /* Debug */,
				36C56CB722BB814500E2D88F /* Release */,
			);
			defaultConfigurationIsVisible = 0;
			defaultConfigurationName = Release;
		};
		36C56CB822BB814500E2D88F /* Build configuration list for PBXNativeTarget "DiceGameTests" */ = {
			isa = XCConfigurationList;
			buildConfigurations = (
				36C56CB922BB814500E2D88F /* Debug */,
				36C56CBA22BB814500E2D88F /* Release */,
			);
			defaultConfigurationIsVisible = 0;
			defaultConfigurationName = Release;
		};
		36C56CBB22BB814500E2D88F /* Build configuration list for PBXNativeTarget "DiceGameUITests" */ = {
			isa = XCConfigurationList;
			buildConfigurations = (
				36C56CBC22BB814500E2D88F /* Debug */,
				36C56CBD22BB814500E2D88F /* Release */,
			);
			defaultConfigurationIsVisible = 0;
			defaultConfigurationName = Release;
		};
/* End XCConfigurationList section */
	};
	rootObject = 36C56C8522BB814100E2D88F /* Project object */;
}
